{
  "name": "re-frame-template",
  "version": "1.0.0",
  "lockfileVersion": 1,
  "requires": true,
  "dependencies": {
    "asn1.js": {
      "version": "4.10.1",
      "resolved": "http://r.cnpmjs.org/asn1.js/download/asn1.js-4.10.1.tgz",
      "integrity": "sha1-ucK/WAXx5kqt7tbfOiv6+1pz9aA=",
      "dev": true,
      "requires": {
        "bn.js": "^4.0.0",
        "inherits": "^2.0.1",
        "minimalistic-assert": "^1.0.0"
      }
    },
    "assert": {
      "version": "1.5.0",
      "resolved": "http://r.cnpmjs.org/assert/download/assert-1.5.0.tgz",
      "integrity": "sha1-VcEJqvbgrv2z3EtxJAxwv1dLGOs=",
      "dev": true,
      "requires": {
        "object-assign": "^4.1.1",
        "util": "0.10.3"
      },
      "dependencies": {
        "util": {
          "version": "0.10.3",
          "resolved": "http://r.cnpmjs.org/util/download/util-0.10.3.tgz",
          "integrity": "sha1-evsa/lCAUkZInj23/g7TeTNqwPk=",
          "dev": true,
          "requires": {
            "inherits": "2.0.1"
          }
        }
      }
    },
    "async-limiter": {
      "version": "1.0.1",
      "resolved": "http://r.cnpmjs.org/async-limiter/download/async-limiter-1.0.1.tgz",
      "integrity": "sha1-3TeelPDbgxCwgpH51kwyCXZmF/0=",
      "dev": true
    },
    "base64-js": {
      "version": "1.3.1",
      "resolved": "http://r.cnpmjs.org/base64-js/download/base64-js-1.3.1.tgz",
      "integrity": "sha1-WOzoy3XdB+ce0IxzarxfrE2/jfE=",
      "dev": true
    },
    "bn.js": {
      "version": "4.11.8",
      "resolved": "http://r.cnpmjs.org/bn.js/download/bn.js-4.11.8.tgz",
      "integrity": "sha1-LN4J617jQfSEdGuwMJsyU7GxRC8=",
      "dev": true
    },
    "brorand": {
      "version": "1.1.0",
      "resolved": "http://r.cnpmjs.org/brorand/download/brorand-1.1.0.tgz",
      "integrity": "sha1-EsJe/kCkXjwyPrhnWgoM5XsiNx8=",
      "dev": true
    },
    "browserify-aes": {
      "version": "1.2.0",
      "resolved": "http://r.cnpmjs.org/browserify-aes/download/browserify-aes-1.2.0.tgz",
      "integrity": "sha1-Mmc0ZC9APavDADIJhTu3CtQo70g=",
      "dev": true,
      "requires": {
        "buffer-xor": "^1.0.3",
        "cipher-base": "^1.0.0",
        "create-hash": "^1.1.0",
        "evp_bytestokey": "^1.0.3",
        "inherits": "^2.0.1",
        "safe-buffer": "^5.0.1"
      }
    },
    "browserify-cipher": {
      "version": "1.0.1",
      "resolved": "http://r.cnpmjs.org/browserify-cipher/download/browserify-cipher-1.0.1.tgz",
      "integrity": "sha1-jWR0wbhwv9q807z8wZNKEOlPFfA=",
      "dev": true,
      "requires": {
        "browserify-aes": "^1.0.4",
        "browserify-des": "^1.0.0",
        "evp_bytestokey": "^1.0.0"
      }
    },
    "browserify-des": {
      "version": "1.0.2",
      "resolved": "http://r.cnpmjs.org/browserify-des/download/browserify-des-1.0.2.tgz",
      "integrity": "sha1-OvTx9Zg5QDVy8cZiBDdfen9wPpw=",
      "dev": true,
      "requires": {
        "cipher-base": "^1.0.1",
        "des.js": "^1.0.0",
        "inherits": "^2.0.1",
        "safe-buffer": "^5.1.2"
      }
    },
    "browserify-rsa": {
      "version": "4.0.1",
      "resolved": "http://r.cnpmjs.org/browserify-rsa/download/browserify-rsa-4.0.1.tgz",
      "integrity": "sha1-IeCr+vbyApzy+vsTNWenAdQTVSQ=",
      "dev": true,
      "requires": {
        "bn.js": "^4.1.0",
        "randombytes": "^2.0.1"
      }
    },
    "browserify-sign": {
      "version": "4.0.4",
      "resolved": "http://r.cnpmjs.org/browserify-sign/download/browserify-sign-4.0.4.tgz",
      "integrity": "sha1-qk62jl17ZYuqa/alfmMMvXqT0pg=",
      "dev": true,
      "requires": {
        "bn.js": "^4.1.1",
        "browserify-rsa": "^4.0.0",
        "create-hash": "^1.1.0",
        "create-hmac": "^1.1.2",
        "elliptic": "^6.0.0",
        "inherits": "^2.0.1",
        "parse-asn1": "^5.0.0"
      }
    },
    "browserify-zlib": {
      "version": "0.2.0",
      "resolved": "http://r.cnpmjs.org/browserify-zlib/download/browserify-zlib-0.2.0.tgz",
      "integrity": "sha1-KGlFnZqjviRf6P4sofRuLn9U1z8=",
      "dev": true,
      "requires": {
        "pako": "~1.0.5"
      }
    },
    "buffer": {
      "version": "4.9.2",
      "resolved": "http://r.cnpmjs.org/buffer/download/buffer-4.9.2.tgz",
      "integrity": "sha1-Iw6tNEACmIZEhBqwJEr4xEu+Pvg=",
      "dev": true,
      "requires": {
        "base64-js": "^1.0.2",
        "ieee754": "^1.1.4",
        "isarray": "^1.0.0"
      }
    },
    "buffer-xor": {
      "version": "1.0.3",
      "resolved": "http://r.cnpmjs.org/buffer-xor/download/buffer-xor-1.0.3.tgz",
      "integrity": "sha1-JuYe0UIvtw3ULm42cp7VHYVf6Nk=",
      "dev": true
    },
    "builtin-status-codes": {
      "version": "3.0.0",
      "resolved": "http://r.cnpmjs.org/builtin-status-codes/download/builtin-status-codes-3.0.0.tgz",
      "integrity": "sha1-hZgoeOIbmOHGZCXgPQF0eI9Wnug=",
      "dev": true
    },
    "cipher-base": {
      "version": "1.0.4",
      "resolved": "http://r.cnpmjs.org/cipher-base/download/cipher-base-1.0.4.tgz",
      "integrity": "sha1-h2Dk7MJy9MNjUy+SbYdKriwTl94=",
      "dev": true,
      "requires": {
        "inherits": "^2.0.1",
        "safe-buffer": "^5.0.1"
      }
    },
    "console-browserify": {
      "version": "1.2.0",
      "resolved": "http://r.cnpmjs.org/console-browserify/download/console-browserify-1.2.0.tgz",
      "integrity": "sha1-ZwY871fOts9Jk6KrOlWECujEkzY=",
      "dev": true
    },
    "constants-browserify": {
      "version": "1.0.0",
      "resolved": "http://r.cnpmjs.org/constants-browserify/download/constants-browserify-1.0.0.tgz",
      "integrity": "sha1-wguW2MYXdIqvHBYCF2DNJ/y4y3U=",
      "dev": true
    },
    "core-util-is": {
      "version": "1.0.2",
      "resolved": "http://r.cnpmjs.org/core-util-is/download/core-util-is-1.0.2.tgz",
      "integrity": "sha1-tf1UIgqivFq1eqtxQMlAdUUDwac=",
      "dev": true
    },
    "create-ecdh": {
      "version": "4.0.3",
      "resolved": "http://r.cnpmjs.org/create-ecdh/download/create-ecdh-4.0.3.tgz",
      "integrity": "sha1-yREbbzMEXEaX8UR4f5JUzcd8Rf8=",
      "dev": true,
      "requires": {
        "bn.js": "^4.1.0",
        "elliptic": "^6.0.0"
      }
    },
    "create-hash": {
      "version": "1.2.0",
      "resolved": "http://r.cnpmjs.org/create-hash/download/create-hash-1.2.0.tgz",
      "integrity": "sha1-iJB4rxGmN1a8+1m9IhmWvjqe8ZY=",
      "dev": true,
      "requires": {
        "cipher-base": "^1.0.1",
        "inherits": "^2.0.1",
        "md5.js": "^1.3.4",
        "ripemd160": "^2.0.1",
        "sha.js": "^2.4.0"
      }
    },
    "create-hmac": {
      "version": "1.1.7",
      "resolved": "http://r.cnpmjs.org/create-hmac/download/create-hmac-1.1.7.tgz",
      "integrity": "sha1-aRcMeLOrlXFHsriwRXLkfq0iQ/8=",
      "dev": true,
      "requires": {
        "cipher-base": "^1.0.3",
        "create-hash": "^1.1.0",
        "inherits": "^2.0.1",
        "ripemd160": "^2.0.0",
        "safe-buffer": "^5.0.1",
        "sha.js": "^2.4.8"
      }
    },
    "crypto-browserify": {
      "version": "3.12.0",
      "resolved": "http://r.cnpmjs.org/crypto-browserify/download/crypto-browserify-3.12.0.tgz",
      "integrity": "sha1-OWz58xN/A+S45TLFj2mCVOAPgOw=",
      "dev": true,
      "requires": {
        "browserify-cipher": "^1.0.0",
        "browserify-sign": "^4.0.0",
        "create-ecdh": "^4.0.0",
        "create-hash": "^1.1.0",
        "create-hmac": "^1.1.0",
        "diffie-hellman": "^5.0.0",
        "inherits": "^2.0.1",
        "pbkdf2": "^3.0.3",
        "public-encrypt": "^4.0.0",
        "randombytes": "^2.0.0",
        "randomfill": "^1.0.3"
      }
    },
    "des.js": {
      "version": "1.0.1",
      "resolved": "http://r.cnpmjs.org/des.js/download/des.js-1.0.1.tgz",
      "integrity": "sha1-U4IULhvcU/hdhtU+X0qn3rkeCEM=",
      "dev": true,
      "requires": {
        "inherits": "^2.0.1",
        "minimalistic-assert": "^1.0.0"
      }
    },
    "diffie-hellman": {
      "version": "5.0.3",
      "resolved": "http://r.cnpmjs.org/diffie-hellman/download/diffie-hellman-5.0.3.tgz",
      "integrity": "sha1-QOjumPVaIUlgcUaSHGPhrl89KHU=",
      "dev": true,
      "requires": {
        "bn.js": "^4.1.0",
        "miller-rabin": "^4.0.0",
        "randombytes": "^2.0.0"
      }
    },
    "domain-browser": {
      "version": "1.2.0",
      "resolved": "http://r.cnpmjs.org/domain-browser/download/domain-browser-1.2.0.tgz",
      "integrity": "sha1-PTH1AZGmdJ3RN1p/Ui6CPULlTto=",
      "dev": true
    },
    "elliptic": {
      "version": "6.5.2",
      "resolved": "http://r.cnpmjs.org/elliptic/download/elliptic-6.5.2.tgz",
      "integrity": "sha1-BcVnjXFzwEnYykM1UiJKSV0ON2I=",
      "dev": true,
      "requires": {
        "bn.js": "^4.4.0",
        "brorand": "^1.0.1",
        "hash.js": "^1.0.0",
        "hmac-drbg": "^1.0.0",
        "inherits": "^2.0.1",
        "minimalistic-assert": "^1.0.0",
        "minimalistic-crypto-utils": "^1.0.0"
      }
    },
    "events": {
      "version": "3.1.0",
      "resolved": "http://r.cnpmjs.org/events/download/events-3.1.0.tgz",
      "integrity": "sha1-hCea8bNMt1qoi/X/KR9tC9mzGlk=",
      "dev": true
    },
    "evp_bytestokey": {
      "version": "1.0.3",
      "resolved": "http://r.cnpmjs.org/evp_bytestokey/download/evp_bytestokey-1.0.3.tgz",
      "integrity": "sha1-f8vbGY3HGVlDLv4ThCaE4FJaywI=",
      "dev": true,
      "requires": {
        "md5.js": "^1.3.4",
        "safe-buffer": "^5.1.1"
      }
    },
    "hash-base": {
      "version": "3.1.0",
      "resolved": "http://r.cnpmjs.org/hash-base/download/hash-base-3.1.0.tgz",
      "integrity": "sha1-VcOB2eBuHSmXqIO0o/3f5/DTrzM=",
      "dev": true,
      "requires": {
        "inherits": "^2.0.4",
        "readable-stream": "^3.6.0",
        "safe-buffer": "^5.2.0"
      },
      "dependencies": {
        "inherits": {
          "version": "2.0.4",
          "resolved": "http://r.cnpmjs.org/inherits/download/inherits-2.0.4.tgz",
          "integrity": "sha1-D6LGT5MpF8NDOg3tVTY6rjdBa3w=",
          "dev": true
        },
        "readable-stream": {
          "version": "3.6.0",
          "resolved": "http://r.cnpmjs.org/readable-stream/download/readable-stream-3.6.0.tgz",
          "integrity": "sha1-M3u9o63AcGvT4CRCaihtS0sskZg=",
          "dev": true,
          "requires": {
            "inherits": "^2.0.3",
            "string_decoder": "^1.1.1",
            "util-deprecate": "^1.0.1"
          }
        }
      }
    },
    "hash.js": {
      "version": "1.1.7",
      "resolved": "http://r.cnpmjs.org/hash.js/download/hash.js-1.1.7.tgz",
      "integrity": "sha1-C6vKU46NTuSg+JiNaIZlN6ADz0I=",
      "dev": true,
      "requires": {
        "inherits": "^2.0.3",
        "minimalistic-assert": "^1.0.1"
      },
      "dependencies": {
        "inherits": {
          "version": "2.0.4",
          "resolved": "http://r.cnpmjs.org/inherits/download/inherits-2.0.4.tgz",
          "integrity": "sha1-D6LGT5MpF8NDOg3tVTY6rjdBa3w=",
          "dev": true
        }
      }
    },
    "hmac-drbg": {
      "version": "1.0.1",
      "resolved": "http://r.cnpmjs.org/hmac-drbg/download/hmac-drbg-1.0.1.tgz",
      "integrity": "sha1-0nRXAQJabHdabFRXk+1QL8DGSaE=",
      "dev": true,
      "requires": {
        "hash.js": "^1.0.3",
        "minimalistic-assert": "^1.0.0",
        "minimalistic-crypto-utils": "^1.0.1"
      }
    },
    "https-browserify": {
      "version": "1.0.0",
      "resolved": "http://r.cnpmjs.org/https-browserify/download/https-browserify-1.0.0.tgz",
      "integrity": "sha1-7AbBDgo0wPL68Zn3/X/Hj//QPHM=",
      "dev": true
    },
    "ieee754": {
      "version": "1.1.13",
      "resolved": "http://r.cnpmjs.org/ieee754/download/ieee754-1.1.13.tgz",
      "integrity": "sha1-7BaFWOlaoYH9h9N/VcMrvLZwi4Q=",
      "dev": true
    },
    "inherits": {
      "version": "2.0.1",
      "resolved": "http://r.cnpmjs.org/inherits/download/inherits-2.0.1.tgz",
      "integrity": "sha1-sX0I0ya0Qj5Wjv9xn5GwscvfafE=",
      "dev": true
    },
    "isarray": {
      "version": "1.0.0",
      "resolved": "http://r.cnpmjs.org/isarray/download/isarray-1.0.0.tgz",
      "integrity": "sha1-u5NdSFgsuhaMBoNJV6VKPgcSTxE=",
      "dev": true
    },
    "isexe": {
      "version": "2.0.0",
      "resolved": "http://r.cnpmjs.org/isexe/download/isexe-2.0.0.tgz",
      "integrity": "sha1-6PvzdNxVb/iUehDcsFctYz8s+hA=",
      "dev": true
    },
    "js-tokens": {
      "version": "4.0.0",
      "resolved": "http://r.cnpmjs.org/js-tokens/download/js-tokens-4.0.0.tgz",
      "integrity": "sha1-GSA/tZmR35jjoocFDUZHzerzJJk="
    },
    "loose-envify": {
      "version": "1.4.0",
      "resolved": "http://r.cnpmjs.org/loose-envify/download/loose-envify-1.4.0.tgz",
      "integrity": "sha1-ce5R+nvkyuwaY4OffmgtgTLTDK8=",
      "requires": {
        "js-tokens": "^3.0.0 || ^4.0.0"
      }
    },
    "md5.js": {
      "version": "1.3.5",
      "resolved": "http://r.cnpmjs.org/md5.js/download/md5.js-1.3.5.tgz",
      "integrity": "sha1-tdB7jjIW4+J81yjXL3DR5qNCAF8=",
      "dev": true,
      "requires": {
        "hash-base": "^3.0.0",
        "inherits": "^2.0.1",
        "safe-buffer": "^5.1.2"
      }
    },
    "miller-rabin": {
      "version": "4.0.1",
      "resolved": "http://r.cnpmjs.org/miller-rabin/download/miller-rabin-4.0.1.tgz",
      "integrity": "sha1-8IA1HIZbDcViqEYpZtqlNUPHik0=",
      "dev": true,
      "requires": {
        "bn.js": "^4.0.0",
        "brorand": "^1.0.1"
      }
    },
    "minimalistic-assert": {
      "version": "1.0.1",
      "resolved": "http://r.cnpmjs.org/minimalistic-assert/download/minimalistic-assert-1.0.1.tgz",
      "integrity": "sha1-LhlN4ERibUoQ5/f7wAznPoPk1cc=",
      "dev": true
    },
    "minimalistic-crypto-utils": {
      "version": "1.0.1",
      "resolved": "http://r.cnpmjs.org/minimalistic-crypto-utils/download/minimalistic-crypto-utils-1.0.1.tgz",
      "integrity": "sha1-9sAMHAsIIkblxNmd+4x8CDsrWCo=",
      "dev": true
    },
    "node-libs-browser": {
      "version": "2.2.1",
      "resolved": "http://r.cnpmjs.org/node-libs-browser/download/node-libs-browser-2.2.1.tgz",
      "integrity": "sha1-tk9RPRgzhiX5A0bSew0jXmMfZCU=",
      "dev": true,
      "requires": {
        "assert": "^1.1.1",
        "browserify-zlib": "^0.2.0",
        "buffer": "^4.3.0",
        "console-browserify": "^1.1.0",
        "constants-browserify": "^1.0.0",
        "crypto-browserify": "^3.11.0",
        "domain-browser": "^1.1.1",
        "events": "^3.0.0",
        "https-browserify": "^1.0.0",
        "os-browserify": "^0.3.0",
        "path-browserify": "0.0.1",
        "process": "^0.11.10",
        "punycode": "^1.2.4",
        "querystring-es3": "^0.2.0",
        "readable-stream": "^2.3.3",
        "stream-browserify": "^2.0.1",
        "stream-http": "^2.7.2",
        "string_decoder": "^1.0.0",
        "timers-browserify": "^2.0.4",
        "tty-browserify": "0.0.0",
        "url": "^0.11.0",
        "util": "^0.11.0",
        "vm-browserify": "^1.0.1"
      }
    },
    "object-assign": {
      "version": "4.1.1",
      "resolved": "http://r.cnpmjs.org/object-assign/download/object-assign-4.1.1.tgz",
      "integrity": "sha1-IQmtx5ZYh8/AXLvUQsrIv7s2CGM="
    },
    "os-browserify": {
      "version": "0.3.0",
      "resolved": "http://r.cnpmjs.org/os-browserify/download/os-browserify-0.3.0.tgz",
      "integrity": "sha1-hUNzx/XCMVkU/Jv8a9gjj92h7Cc=",
      "dev": true
    },
    "pako": {
      "version": "1.0.11",
      "resolved": "http://r.cnpmjs.org/pako/download/pako-1.0.11.tgz",
      "integrity": "sha1-bJWZ00DVTf05RjgCUqNXBaa5kr8=",
      "dev": true
    },
    "parse-asn1": {
      "version": "5.1.5",
      "resolved": "http://r.cnpmjs.org/parse-asn1/download/parse-asn1-5.1.5.tgz",
      "integrity": "sha1-ADJxND2ljclMrOSU+u89IUfs6g4=",
      "dev": true,
      "requires": {
        "asn1.js": "^4.0.0",
        "browserify-aes": "^1.0.0",
        "create-hash": "^1.1.0",
        "evp_bytestokey": "^1.0.0",
        "pbkdf2": "^3.0.3",
        "safe-buffer": "^5.1.1"
      }
    },
    "path-browserify": {
      "version": "0.0.1",
      "resolved": "http://r.cnpmjs.org/path-browserify/download/path-browserify-0.0.1.tgz",
      "integrity": "sha1-5sTd1+06onxoogzE5Q4aTug7vEo=",
      "dev": true
    },
    "pbkdf2": {
      "version": "3.0.17",
      "resolved": "http://r.cnpmjs.org/pbkdf2/download/pbkdf2-3.0.17.tgz",
      "integrity": "sha1-l2wgZTBhexTrsyEUI597CTNuk6Y=",
      "dev": true,
      "requires": {
        "create-hash": "^1.1.2",
        "create-hmac": "^1.1.4",
        "ripemd160": "^2.0.1",
        "safe-buffer": "^5.0.1",
        "sha.js": "^2.4.8"
      }
    },
    "process": {
      "version": "0.11.10",
      "resolved": "http://r.cnpmjs.org/process/download/process-0.11.10.tgz",
      "integrity": "sha1-czIwDoQBYb2j5podHZGn1LwW8YI=",
      "dev": true
    },
    "process-nextick-args": {
      "version": "2.0.1",
      "resolved": "http://r.cnpmjs.org/process-nextick-args/download/process-nextick-args-2.0.1.tgz",
      "integrity": "sha1-eCDZsWEgzFXKmud5JoCufbptf+I=",
      "dev": true
    },
    "prop-types": {
      "version": "15.7.2",
      "resolved": "http://r.cnpmjs.org/prop-types/download/prop-types-15.7.2.tgz",
      "integrity": "sha1-UsQedbjIfnK52TYOAga5ncv/psU=",
      "requires": {
        "loose-envify": "^1.4.0",
        "object-assign": "^4.1.1",
        "react-is": "^16.8.1"
      }
    },
    "public-encrypt": {
      "version": "4.0.3",
      "resolved": "http://r.cnpmjs.org/public-encrypt/download/public-encrypt-4.0.3.tgz",
      "integrity": "sha1-T8ydd6B+SLp1J+fL4N4z0HATMeA=",
      "dev": true,
      "requires": {
        "bn.js": "^4.1.0",
        "browserify-rsa": "^4.0.0",
        "create-hash": "^1.1.0",
        "parse-asn1": "^5.0.0",
        "randombytes": "^2.0.1",
        "safe-buffer": "^5.1.2"
      }
    },
    "punycode": {
      "version": "1.4.1",
      "resolved": "http://r.cnpmjs.org/punycode/download/punycode-1.4.1.tgz",
      "integrity": "sha1-wNWmOycYgArY4esPpSachN1BhF4=",
      "dev": true
    },
    "querystring": {
      "version": "0.2.0",
      "resolved": "http://r.cnpmjs.org/querystring/download/querystring-0.2.0.tgz",
      "integrity": "sha1-sgmEkgO7Jd+CDadW50cAWHhSFiA=",
      "dev": true
    },
    "querystring-es3": {
      "version": "0.2.1",
      "resolved": "http://r.cnpmjs.org/querystring-es3/download/querystring-es3-0.2.1.tgz",
      "integrity": "sha1-nsYfeQSYdXB9aUFFlv2Qek1xHnM=",
      "dev": true
    },
    "randombytes": {
      "version": "2.1.0",
      "resolved": "http://r.cnpmjs.org/randombytes/download/randombytes-2.1.0.tgz",
      "integrity": "sha1-32+ENy8CcNxlzfYpE0mrekc9Tyo=",
      "dev": true,
      "requires": {
        "safe-buffer": "^5.1.0"
      }
    },
    "randomfill": {
      "version": "1.0.4",
      "resolved": "http://r.cnpmjs.org/randomfill/download/randomfill-1.0.4.tgz",
      "integrity": "sha1-ySGW/IarQr6YPxvzF3giSTHWFFg=",
      "dev": true,
      "requires": {
        "randombytes": "^2.0.5",
        "safe-buffer": "^5.1.0"
      }
    },
    "react": {
      "version": "16.13.0",
      "resolved": "http://r.cnpmjs.org/react/download/react-16.13.0.tgz",
      "integrity": "sha1-0EbqvN9k5Fe77tHnkuI14bmTTPc=",
      "requires": {
        "loose-envify": "^1.1.0",
        "object-assign": "^4.1.1",
        "prop-types": "^15.6.2"
      }
    },
    "react-dom": {
      "version": "16.13.0",
      "resolved": "http://r.cnpmjs.org/react-dom/download/react-dom-16.13.0.tgz",
      "integrity": "sha1-zd5UtI656KDKGz3JlD2btAm4GGY=",
      "requires": {
        "loose-envify": "^1.1.0",
        "object-assign": "^4.1.1",
        "prop-types": "^15.6.2",
        "scheduler": "^0.19.0"
      }
    },
    "react-is": {
      "version": "16.13.1",
      "resolved": "http://r.cnpmjs.org/react-is/download/react-is-16.13.1.tgz",
      "integrity": "sha1-eJcppNw23imZ3BVt1sHZwYzqVqQ="
    },
    "readable-stream": {
      "version": "2.3.7",
      "resolved": "http://r.cnpmjs.org/readable-stream/download/readable-stream-2.3.7.tgz",
      "integrity": "sha1-Hsoc9xGu+BTAT2IlKjamL2yyO1c=",
      "dev": true,
      "requires": {
        "core-util-is": "~1.0.0",
        "inherits": "~2.0.3",
        "isarray": "~1.0.0",
        "process-nextick-args": "~2.0.0",
        "safe-buffer": "~5.1.1",
        "string_decoder": "~1.1.1",
        "util-deprecate": "~1.0.1"
      },
      "dependencies": {
        "inherits": {
          "version": "2.0.4",
          "resolved": "http://r.cnpmjs.org/inherits/download/inherits-2.0.4.tgz",
          "integrity": "sha1-D6LGT5MpF8NDOg3tVTY6rjdBa3w=",
          "dev": true
        },
        "safe-buffer": {
          "version": "5.1.2",
          "resolved": "http://r.cnpmjs.org/safe-buffer/download/safe-buffer-5.1.2.tgz",
          "integrity": "sha1-mR7GnSluAxN0fVm9/St0XDX4go0=",
          "dev": true
        },
        "string_decoder": {
          "version": "1.1.1",
          "resolved": "http://r.cnpmjs.org/string_decoder/download/string_decoder-1.1.1.tgz",
          "integrity": "sha1-nPFhG6YmhdcDCunkujQUnDrwP8g=",
          "dev": true,
          "requires": {
            "safe-buffer": "~5.1.0"
          }
        }
      }
    },
    "readline-sync": {
      "version": "1.4.10",
      "resolved": "http://r.cnpmjs.org/readline-sync/download/readline-sync-1.4.10.tgz",
      "integrity": "sha1-Qd9/u0tjEtZzARWUFFcFv1bYhzs=",
      "dev": true
    },
    "ripemd160": {
      "version": "2.0.2",
      "resolved": "http://r.cnpmjs.org/ripemd160/download/ripemd160-2.0.2.tgz",
      "integrity": "sha1-ocGm9iR1FXe6XQeRTLyShQWFiQw=",
      "dev": true,
      "requires": {
        "hash-base": "^3.0.0",
        "inherits": "^2.0.1"
      }
    },
    "safe-buffer": {
      "version": "5.2.0",
      "resolved": "http://r.cnpmjs.org/safe-buffer/download/safe-buffer-5.2.0.tgz",
      "integrity": "sha1-t02uxJsRSPiMZLaNSbHoFcHy9Rk=",
      "dev": true
    },
    "scheduler": {
      "version": "0.19.1",
      "resolved": "http://r.cnpmjs.org/scheduler/download/scheduler-0.19.1.tgz",
      "integrity": "sha1-Tz4u0sGn1laB9MhU+oxaHMtA8ZY=",
      "requires": {
        "loose-envify": "^1.1.0",
        "object-assign": "^4.1.1"
      }
    },
    "setimmediate": {
      "version": "1.0.5",
      "resolved": "http://r.cnpmjs.org/setimmediate/download/setimmediate-1.0.5.tgz",
      "integrity": "sha1-KQy7Iy4waULX1+qbg3Mqt4VvgoU=",
      "dev": true
    },
    "sha.js": {
      "version": "2.4.11",
      "resolved": "http://r.cnpmjs.org/sha.js/download/sha.js-2.4.11.tgz",
      "integrity": "sha1-N6XPC4HsvGlD3hCbopYNGyZYSuc=",
      "dev": true,
      "requires": {
        "inherits": "^2.0.1",
        "safe-buffer": "^5.0.1"
      }
    },
    "shadow-cljs": {
      "version": "2.8.109",
      "resolved": "http://r.cnpmjs.org/shadow-cljs/download/shadow-cljs-2.8.109.tgz",
      "integrity": "sha1-TuPKWuZZ9P2nIZvtD8lzdzHCOXY=",
      "dev": true,
      "requires": {
        "node-libs-browser": "^2.0.0",
        "readline-sync": "^1.4.7",
        "shadow-cljs-jar": "1.3.2",
        "source-map-support": "^0.4.15",
        "which": "^1.3.1",
        "ws": "^3.0.0"
      }
    },
    "shadow-cljs-jar": {
      "version": "1.3.2",
      "resolved": "http://r.cnpmjs.org/shadow-cljs-jar/download/shadow-cljs-jar-1.3.2.tgz",
      "integrity": "sha1-lyc6/hdHtqIxGRfByI2eJDyBlXs=",
      "dev": true
    },
    "source-map": {
      "version": "0.5.7",
      "resolved": "http://r.cnpmjs.org/source-map/download/source-map-0.5.7.tgz",
      "integrity": "sha1-igOdLRAh0i0eoUyA2OpGi6LvP8w=",
      "dev": true
    },
    "source-map-support": {
      "version": "0.4.18",
      "resolved": "http://r.cnpmjs.org/source-map-support/download/source-map-support-0.4.18.tgz",
      "integrity": "sha1-Aoam3ovkJkEzhZTpfM6nXwosWF8=",
      "dev": true,
      "requires": {
        "source-map": "^0.5.6"
      }
    },
    "stream-browserify": {
      "version": "2.0.2",
      "resolved": "http://r.cnpmjs.org/stream-browserify/download/stream-browserify-2.0.2.tgz",
      "integrity": "sha1-h1IdOKRKp+6RzhzSpH3wy0ndZgs=",
      "dev": true,
      "requires": {
        "inherits": "~2.0.1",
        "readable-stream": "^2.0.2"
      }
    },
    "stream-http": {
      "version": "2.8.3",
      "resolved": "http://r.cnpmjs.org/stream-http/download/stream-http-2.8.3.tgz",
      "integrity": "sha1-stJCRpKIpaJ+xP6JM6z2I95lFPw=",
      "dev": true,
      "requires": {
        "builtin-status-codes": "^3.0.0",
        "inherits": "^2.0.1",
        "readable-stream": "^2.3.6",
        "to-arraybuffer": "^1.0.0",
        "xtend": "^4.0.0"
      }
    },
    "string_decoder": {
      "version": "1.3.0",
      "resolved": "http://r.cnpmjs.org/string_decoder/download/string_decoder-1.3.0.tgz",
      "integrity": "sha1-QvEUWUpGzxqOMLCoT1bHjD7awh4=",
      "dev": true,
      "requires": {
        "safe-buffer": "~5.2.0"
      }
    },
    "timers-browserify": {
      "version": "2.0.11",
      "resolved": "http://r.cnpmjs.org/timers-browserify/download/timers-browserify-2.0.11.tgz",
      "integrity": "sha1-gAsfPu4nLlvFPuRloE0OgEwxIR8=",
      "dev": true,
      "requires": {
        "setimmediate": "^1.0.4"
      }
    },
    "to-arraybuffer": {
      "version": "1.0.1",
      "resolved": "http://r.cnpmjs.org/to-arraybuffer/download/to-arraybuffer-1.0.1.tgz",
      "integrity": "sha1-fSKbH8xjfkZsoIEYCDanqr/4P0M=",
      "dev": true
    },
    "tty-browserify": {
      "version": "0.0.0",
      "resolved": "http://r.cnpmjs.org/tty-browserify/download/tty-browserify-0.0.0.tgz",
      "integrity": "sha1-oVe6QC2iTpv5V/mqadUk7tQpAaY=",
      "dev": true
    },
    "ultron": {
      "version": "1.1.1",
      "resolved": "http://r.cnpmjs.org/ultron/download/ultron-1.1.1.tgz",
      "integrity": "sha1-n+FTahCmZKZSZqHjzPhf02MCvJw=",
      "dev": true
    },
    "url": {
      "version": "0.11.0",
      "resolved": "http://r.cnpmjs.org/url/download/url-0.11.0.tgz",
      "integrity": "sha1-ODjpfPxgUh63PFJajlW/3Z4uKPE=",
      "dev": true,
      "requires": {
        "punycode": "1.3.2",
        "querystring": "0.2.0"
      },
      "dependencies": {
        "punycode": {
          "version": "1.3.2",
          "resolved": "http://r.cnpmjs.org/punycode/download/punycode-1.3.2.tgz",
          "integrity": "sha1-llOgNvt8HuQjQvIyXM7v6jkmxI0=",
          "dev": true
        }
      }
    },
    "util": {
      "version": "0.11.1",
      "resolved": "http://r.cnpmjs.org/util/download/util-0.11.1.tgz",
      "integrity": "sha1-MjZzNyDsZLsn9uJvQhqqLhtYjWE=",
      "dev": true,
      "requires": {
        "inherits": "2.0.3"
      },
      "dependencies": {
        "inherits": {
          "version": "2.0.3",
          "resolved": "http://r.cnpmjs.org/inherits/download/inherits-2.0.3.tgz",
          "integrity": "sha1-Yzwsg+PaQqUC9SRmAiSA9CCCYd4=",
          "dev": true
        }
      }
    },
    "util-deprecate": {
      "version": "1.0.2",
      "resolved": "http://r.cnpmjs.org/util-deprecate/download/util-deprecate-1.0.2.tgz",
      "integrity": "sha1-RQ1Nyfpw3nMnYvvS1KKJgUGaDM8=",
      "dev": true
    },
    "vm-browserify": {
      "version": "1.1.2",
      "resolved": "http://r.cnpmjs.org/vm-browserify/download/vm-browserify-1.1.2.tgz",
      "integrity": "sha1-eGQcSIuObKkadfUR56OzKobl3aA=",
      "dev": true
    },
    "which": {
      "version": "1.3.1",
      "resolved": "http://r.cnpmjs.org/which/download/which-1.3.1.tgz",
      "integrity": "sha1-pFBD1U9YBTFtqNYvn1CRjT2nCwo=",
      "dev": true,
      "requires": {
        "isexe": "^2.0.0"
      }
    },
    "ws": {
      "version": "3.3.3",
      "resolved": "http://r.cnpmjs.org/ws/download/ws-3.3.3.tgz",
      "integrity": "sha1-8c+E/i1ekB686U767OeF8YeiKPI=",
      "dev": true,
      "requires": {
        "async-limiter": "~1.0.0",
        "safe-buffer": "~5.1.0",
        "ultron": "~1.1.0"
      },
      "dependencies": {
        "safe-buffer": {
          "version": "5.1.2",
          "resolved": "http://r.cnpmjs.org/safe-buffer/download/safe-buffer-5.1.2.tgz",
          "integrity": "sha1-mR7GnSluAxN0fVm9/St0XDX4go0=",
          "dev": true
        }
      }
    },
    "xtend": {
      "version": "4.0.2",
      "resolved": "http://r.cnpmjs.org/xtend/download/xtend-4.0.2.tgz",
      "integrity": "sha1-u3J3n1+kZRhrH0OPZ0+jR/2121Q=",
      "dev": true
    }
  }
}
